{
  "originHash" : "7750f918c34a7d7703867c0553a96df3344cfb72c853a83c5fe35503a53ce172",
  "pins" : [
    {
      "identity" : "purchases-ios",
      "kind" : "remoteSourceControl",
      "location" : "git@github.com:RevenueCat/purchases-ios.git",
      "state" : {
        "revision" : "12240d045cfad9f281bc21e9f09d0c33ff09b74f",
        "version" : "4.39.0"
      }
    }
  ],
  "version" : 3
}
