
Microsoft Visual Studio Solution File, Format Version 12.00
# Visual Studio Version 16
VisualStudioVersion = 16.0.808.0
MinimumVisualStudioVersion = 10.0.40219.1
Project("{FAE04EC0-301F-11D3-BF4B-00C04F79EFBC}") = "Xamarin.RevenueCat.iOS", "Xamarin.RevenueCat.iOS\Xamarin.RevenueCat.iOS.csproj", "{EAA9C04E-CFAD-49D2-A3A8-168A811D79DA}"
EndProject
Project("{FAE04EC0-301F-11D3-BF4B-00C04F79EFBC}") = "Xamarin.RevenueCat.iOS.Extensions", "Xamarin.RevenueCat.iOS.Extensions\Xamarin.RevenueCat.iOS.Extensions.csproj", "{9774C184-1A52-40A3-82F7-3D27F92AD38E}"
EndProject
Project("{FAE04EC0-301F-11D3-BF4B-00C04F79EFBC}") = "Xamarin.RevenueCat.iOS.UsageChecker", "Xamarin.RevenueCat.iOS.UsageChecker\Xamarin.RevenueCat.iOS.UsageChecker.csproj", "{134A900B-127A-4881-88FB-9C9A5774E1AA}"
EndProject
Project("{FAE04EC0-301F-11D3-BF4B-00C04F79EFBC}") = "Xamarin.RevenueCatUI.iOS", "Xamarin.RevenueCatUI.iOS\Xamarin.RevenueCatUI.iOS.csproj", "{D7FBDD5A-A376-4096-B6D9-06FCD7D6872B}"
EndProject
Project("{FAE04EC0-301F-11D3-BF4B-00C04F79EFBC}") = "Xamarin.RevenueCatUI.iOS.Extensions", "Xamarin.RevenueCatUI.iOS.Extensions\Xamarin.RevenueCatUI.iOS.Extensions.csproj", "{8A4C42EB-9F33-47DA-826D-FA32A801F18A}"
EndProject
Project("{FAE04EC0-301F-11D3-BF4B-00C04F79EFBC}") = "Xamarin.RevenueCatUI.iOS.UsageChecker", "Xamarin.RevenueCatUI.iOS.UsageChecker\Xamarin.RevenueCatUI.iOS.UsageChecker.csproj", "{AF2DA304-9FC3-42AD-9AE7-579DC82A2D29}"
EndProject
Global
	GlobalSection(SolutionConfigurationPlatforms) = preSolution
		Debug|Any CPU = Debug|Any CPU
		Release|Any CPU = Release|Any CPU
		Debug|iPhoneSimulator = Debug|iPhoneSimulator
		Release|iPhoneSimulator = Release|iPhoneSimulator
		Debug|iPhone = Debug|iPhone
		Release|iPhone = Release|iPhone
	EndGlobalSection
	GlobalSection(ProjectConfigurationPlatforms) = postSolution
		{EAA9C04E-CFAD-49D2-A3A8-168A811D79DA}.Debug|Any CPU.ActiveCfg = Debug|Any CPU
		{EAA9C04E-CFAD-49D2-A3A8-168A811D79DA}.Debug|Any CPU.Build.0 = Debug|Any CPU
		{EAA9C04E-CFAD-49D2-A3A8-168A811D79DA}.Release|Any CPU.ActiveCfg = Release|Any CPU
		{EAA9C04E-CFAD-49D2-A3A8-168A811D79DA}.Release|Any CPU.Build.0 = Release|Any CPU
		{EAA9C04E-CFAD-49D2-A3A8-168A811D79DA}.Debug|iPhoneSimulator.ActiveCfg = Debug|Any CPU
		{EAA9C04E-CFAD-49D2-A3A8-168A811D79DA}.Debug|iPhoneSimulator.Build.0 = Debug|Any CPU
		{EAA9C04E-CFAD-49D2-A3A8-168A811D79DA}.Release|iPhoneSimulator.ActiveCfg = Release|Any CPU
		{EAA9C04E-CFAD-49D2-A3A8-168A811D79DA}.Release|iPhoneSimulator.Build.0 = Release|Any CPU
		{EAA9C04E-CFAD-49D2-A3A8-168A811D79DA}.Debug|iPhone.ActiveCfg = Debug|Any CPU
		{EAA9C04E-CFAD-49D2-A3A8-168A811D79DA}.Debug|iPhone.Build.0 = Debug|Any CPU
		{EAA9C04E-CFAD-49D2-A3A8-168A811D79DA}.Release|iPhone.ActiveCfg = Release|Any CPU
		{EAA9C04E-CFAD-49D2-A3A8-168A811D79DA}.Release|iPhone.Build.0 = Release|Any CPU
		{9774C184-1A52-40A3-82F7-3D27F92AD38E}.Debug|Any CPU.ActiveCfg = Debug|Any CPU
		{9774C184-1A52-40A3-82F7-3D27F92AD38E}.Debug|Any CPU.Build.0 = Debug|Any CPU
		{9774C184-1A52-40A3-82F7-3D27F92AD38E}.Release|Any CPU.ActiveCfg = Release|Any CPU
		{9774C184-1A52-40A3-82F7-3D27F92AD38E}.Release|Any CPU.Build.0 = Release|Any CPU
		{9774C184-1A52-40A3-82F7-3D27F92AD38E}.Debug|iPhoneSimulator.ActiveCfg = Debug|Any CPU
		{9774C184-1A52-40A3-82F7-3D27F92AD38E}.Debug|iPhoneSimulator.Build.0 = Debug|Any CPU
		{9774C184-1A52-40A3-82F7-3D27F92AD38E}.Release|iPhoneSimulator.ActiveCfg = Release|Any CPU
		{9774C184-1A52-40A3-82F7-3D27F92AD38E}.Release|iPhoneSimulator.Build.0 = Release|Any CPU
		{9774C184-1A52-40A3-82F7-3D27F92AD38E}.Debug|iPhone.ActiveCfg = Debug|Any CPU
		{9774C184-1A52-40A3-82F7-3D27F92AD38E}.Debug|iPhone.Build.0 = Debug|Any CPU
		{9774C184-1A52-40A3-82F7-3D27F92AD38E}.Release|iPhone.ActiveCfg = Release|Any CPU
		{9774C184-1A52-40A3-82F7-3D27F92AD38E}.Release|iPhone.Build.0 = Release|Any CPU
		{134A900B-127A-4881-88FB-9C9A5774E1AA}.Debug|Any CPU.ActiveCfg = Debug|iPhoneSimulator
		{134A900B-127A-4881-88FB-9C9A5774E1AA}.Debug|Any CPU.Build.0 = Debug|iPhoneSimulator
		{134A900B-127A-4881-88FB-9C9A5774E1AA}.Release|Any CPU.ActiveCfg = Release|iPhoneSimulator
		{134A900B-127A-4881-88FB-9C9A5774E1AA}.Release|Any CPU.Build.0 = Release|iPhoneSimulator
		{134A900B-127A-4881-88FB-9C9A5774E1AA}.Debug|iPhoneSimulator.ActiveCfg = Debug|iPhoneSimulator
		{134A900B-127A-4881-88FB-9C9A5774E1AA}.Debug|iPhoneSimulator.Build.0 = Debug|iPhoneSimulator
		{134A900B-127A-4881-88FB-9C9A5774E1AA}.Release|iPhoneSimulator.ActiveCfg = Release|iPhoneSimulator
		{134A900B-127A-4881-88FB-9C9A5774E1AA}.Release|iPhoneSimulator.Build.0 = Release|iPhoneSimulator
		{134A900B-127A-4881-88FB-9C9A5774E1AA}.Debug|iPhone.ActiveCfg = Debug|iPhone
		{134A900B-127A-4881-88FB-9C9A5774E1AA}.Debug|iPhone.Build.0 = Debug|iPhone
		{134A900B-127A-4881-88FB-9C9A5774E1AA}.Release|iPhone.ActiveCfg = Release|iPhone
		{134A900B-127A-4881-88FB-9C9A5774E1AA}.Release|iPhone.Build.0 = Release|iPhone
		{D7FBDD5A-A376-4096-B6D9-06FCD7D6872B}.Debug|Any CPU.ActiveCfg = Debug|Any CPU
		{D7FBDD5A-A376-4096-B6D9-06FCD7D6872B}.Debug|Any CPU.Build.0 = Debug|Any CPU
		{D7FBDD5A-A376-4096-B6D9-06FCD7D6872B}.Release|Any CPU.ActiveCfg = Release|Any CPU
		{D7FBDD5A-A376-4096-B6D9-06FCD7D6872B}.Release|Any CPU.Build.0 = Release|Any CPU
		{D7FBDD5A-A376-4096-B6D9-06FCD7D6872B}.Debug|iPhoneSimulator.ActiveCfg = Debug|Any CPU
		{D7FBDD5A-A376-4096-B6D9-06FCD7D6872B}.Debug|iPhoneSimulator.Build.0 = Debug|Any CPU
		{D7FBDD5A-A376-4096-B6D9-06FCD7D6872B}.Release|iPhoneSimulator.ActiveCfg = Release|Any CPU
		{D7FBDD5A-A376-4096-B6D9-06FCD7D6872B}.Release|iPhoneSimulator.Build.0 = Release|Any CPU
		{D7FBDD5A-A376-4096-B6D9-06FCD7D6872B}.Debug|iPhone.ActiveCfg = Debug|Any CPU
		{D7FBDD5A-A376-4096-B6D9-06FCD7D6872B}.Debug|iPhone.Build.0 = Debug|Any CPU
		{D7FBDD5A-A376-4096-B6D9-06FCD7D6872B}.Release|iPhone.ActiveCfg = Release|Any CPU
		{D7FBDD5A-A376-4096-B6D9-06FCD7D6872B}.Release|iPhone.Build.0 = Release|Any CPU
		{8A4C42EB-9F33-47DA-826D-FA32A801F18A}.Debug|Any CPU.ActiveCfg = Debug|Any CPU
		{8A4C42EB-9F33-47DA-826D-FA32A801F18A}.Debug|Any CPU.Build.0 = Debug|Any CPU
		{8A4C42EB-9F33-47DA-826D-FA32A801F18A}.Release|Any CPU.ActiveCfg = Release|Any CPU
		{8A4C42EB-9F33-47DA-826D-FA32A801F18A}.Release|Any CPU.Build.0 = Release|Any CPU
		{8A4C42EB-9F33-47DA-826D-FA32A801F18A}.Debug|iPhoneSimulator.ActiveCfg = Debug|Any CPU
		{8A4C42EB-9F33-47DA-826D-FA32A801F18A}.Debug|iPhoneSimulator.Build.0 = Debug|Any CPU
		{8A4C42EB-9F33-47DA-826D-FA32A801F18A}.Release|iPhoneSimulator.ActiveCfg = Release|Any CPU
		{8A4C42EB-9F33-47DA-826D-FA32A801F18A}.Release|iPhoneSimulator.Build.0 = Release|Any CPU
		{8A4C42EB-9F33-47DA-826D-FA32A801F18A}.Debug|iPhone.ActiveCfg = Debug|Any CPU
		{8A4C42EB-9F33-47DA-826D-FA32A801F18A}.Debug|iPhone.Build.0 = Debug|Any CPU
		{8A4C42EB-9F33-47DA-826D-FA32A801F18A}.Release|iPhone.ActiveCfg = Release|Any CPU
		{8A4C42EB-9F33-47DA-826D-FA32A801F18A}.Release|iPhone.Build.0 = Release|Any CPU
		{AF2DA304-9FC3-42AD-9AE7-579DC82A2D29}.Debug|Any CPU.ActiveCfg = Debug|iPhoneSimulator
		{AF2DA304-9FC3-42AD-9AE7-579DC82A2D29}.Debug|Any CPU.Build.0 = Debug|iPhoneSimulator
		{AF2DA304-9FC3-42AD-9AE7-579DC82A2D29}.Release|Any CPU.ActiveCfg = Release|iPhoneSimulator
		{AF2DA304-9FC3-42AD-9AE7-579DC82A2D29}.Release|Any CPU.Build.0 = Release|iPhoneSimulator
		{AF2DA304-9FC3-42AD-9AE7-579DC82A2D29}.Debug|iPhoneSimulator.ActiveCfg = Debug|iPhoneSimulator
		{AF2DA304-9FC3-42AD-9AE7-579DC82A2D29}.Debug|iPhoneSimulator.Build.0 = Debug|iPhoneSimulator
		{AF2DA304-9FC3-42AD-9AE7-579DC82A2D29}.Release|iPhoneSimulator.ActiveCfg = Release|iPhoneSimulator
		{AF2DA304-9FC3-42AD-9AE7-579DC82A2D29}.Release|iPhoneSimulator.Build.0 = Release|iPhoneSimulator
		{AF2DA304-9FC3-42AD-9AE7-579DC82A2D29}.Debug|iPhone.ActiveCfg = Debug|iPhone
		{AF2DA304-9FC3-42AD-9AE7-579DC82A2D29}.Debug|iPhone.Build.0 = Debug|iPhone
		{AF2DA304-9FC3-42AD-9AE7-579DC82A2D29}.Release|iPhone.ActiveCfg = Release|iPhone
		{AF2DA304-9FC3-42AD-9AE7-579DC82A2D29}.Release|iPhone.Build.0 = Release|iPhone
	EndGlobalSection
	GlobalSection(SolutionProperties) = preSolution
		HideSolutionNode = FALSE
	EndGlobalSection
	GlobalSection(ExtensibilityGlobals) = postSolution
		SolutionGuid = {E53CA745-35A2-4E02-B019-D0CA7A7AA63C}
	EndGlobalSection
EndGlobal
