
Microsoft Visual Studio Solution File, Format Version 12.00
# Visual Studio Version 16
VisualStudioVersion = 16.0.808.0
MinimumVisualStudioVersion = 10.0.40219.1
Project("{FAE04EC0-301F-11D3-BF4B-00C04F79EFBC}") = "Xamarin.RevenueCat.iOS", "Xamarin.RevenueCat.iOS\Xamarin.RevenueCat.iOS.csproj", "{00336F71-DA5B-4756-B114-CC34309DE451}"
EndProject
Global
	GlobalSection(SolutionConfigurationPlatforms) = preSolution
		Debug|Any CPU = Debug|Any CPU
		Release|Any CPU = Release|Any CPU
	EndGlobalSection
	GlobalSection(ProjectConfigurationPlatforms) = postSolution
		{00336F71-DA5B-4756-B114-CC34309DE451}.Debug|Any CPU.ActiveCfg = Debug|Any CPU
		{00336F71-DA5B-4756-B114-CC34309DE451}.Debug|Any CPU.Build.0 = Debug|Any CPU
		{00336F71-DA5B-4756-B114-CC34309DE451}.Release|Any CPU.ActiveCfg = Release|Any CPU
		{00336F71-DA5B-4756-B114-CC34309DE451}.Release|Any CPU.Build.0 = Release|Any CPU
	EndGlobalSection
	GlobalSection(SolutionProperties) = preSolution
		HideSolutionNode = FALSE
	EndGlobalSection
	GlobalSection(ExtensibilityGlobals) = postSolution
		SolutionGuid = {5D36B2B8-FEE6-4F81-8D1A-D27DAD4D0B5B}
	EndGlobalSection
EndGlobal
