PODS:
  - RevenueCat (4.39.0)
  - RevenueCatUI (4.39.0):
    - RevenueCat (= 4.39.0)

DEPENDENCIES:
  - RevenueCat
  - RevenueCatUI

SPEC REPOS:
  trunk:
    - RevenueCat
    - RevenueCatUI

SPEC CHECKSUMS:
  RevenueCat: b552a07693b061ff7ea42c8c224f0613755aafe1
  RevenueCatUI: b79724edfb0291eed4cc6172f6d7341d22301c7e

PODFILE CHECKSUM: 68ab7fa19f4e4f28d8261fa5d8c1dcd625fd1602

COCOAPODS: 1.15.2
